
Microsoft Visual Studio Solution File, Format Version 12.00
# Visual Studio 15
VisualStudioVersion = 15.0.26403.7
MinimumVisualStudioVersion = 10.0.40219.1
Project("{FAE04EC0-301F-11D3-BF4B-00C04F79EFBC}") = "TRPGChat", "TRPGChat\TRPGChat.csproj", "{90B3271B-7D8F-40FA-BE2F-B6C6CF370F47}"
EndProject
Project("{FAE04EC0-301F-11D3-BF4B-00C04F79EFBC}") = "Lidgren.Network", "G:\360data\重要数据\我的文档\Visual Studio 2017\Projects\WindowsFormsApp2\Lidgren.Network\Lidgren.Network.csproj", "{49BA1C69-6104-41AC-A5D8-B54FA9F696E8}"
EndProject
Global
	GlobalSection(SolutionConfigurationPlatforms) = preSolution
		Debug|Any CPU = Debug|Any CPU
		Release|Any CPU = Release|Any CPU
	EndGlobalSection
	GlobalSection(ProjectConfigurationPlatforms) = postSolution
		{90B3271B-7D8F-40FA-BE2F-B6C6CF370F47}.Debug|Any CPU.ActiveCfg = Debug|Any CPU
		{90B3271B-7D8F-40FA-BE2F-B6C6CF370F47}.Debug|Any CPU.Build.0 = Debug|Any CPU
		{90B3271B-7D8F-40FA-BE2F-B6C6CF370F47}.Release|Any CPU.ActiveCfg = Release|Any CPU
		{90B3271B-7D8F-40FA-BE2F-B6C6CF370F47}.Release|Any CPU.Build.0 = Release|Any CPU
		{49BA1C69-6104-41AC-A5D8-B54FA9F696E8}.Debug|Any CPU.ActiveCfg = Debug|Any CPU
		{49BA1C69-6104-41AC-A5D8-B54FA9F696E8}.Debug|Any CPU.Build.0 = Debug|Any CPU
		{49BA1C69-6104-41AC-A5D8-B54FA9F696E8}.Release|Any CPU.ActiveCfg = Release|Any CPU
		{49BA1C69-6104-41AC-A5D8-B54FA9F696E8}.Release|Any CPU.Build.0 = Release|Any CPU
	EndGlobalSection
	GlobalSection(SolutionProperties) = preSolution
		HideSolutionNode = FALSE
	EndGlobalSection
EndGlobal
